
Microsoft Visual Studio Solution File, Format Version 12.00
# Visual Studio Version 17
VisualStudioVersion = 17.1.32210.238
MinimumVisualStudioVersion = 10.0.40219.1
Project("{FAE04EC0-301F-11D3-BF4B-00C04F79EFBC}") = "Uppgift 4.23", "Uppgift 4.23\Uppgift 4.23.csproj", "{ECD71296-E174-41BF-9246-30013A8A80A0}"
EndProject
Global
	GlobalSection(SolutionConfigurationPlatforms) = preSolution
		Debug|Any CPU = Debug|Any CPU
		Release|Any CPU = Release|Any CPU
	EndGlobalSection
	GlobalSection(ProjectConfigurationPlatforms) = postSolution
		{ECD71296-E174-41BF-9246-30013A8A80A0}.Debug|Any CPU.ActiveCfg = Debug|Any CPU
		{ECD71296-E174-41BF-9246-30013A8A80A0}.Debug|Any CPU.Build.0 = Debug|Any CPU
		{ECD71296-E174-41BF-9246-30013A8A80A0}.Release|Any CPU.ActiveCfg = Release|Any CPU
		{ECD71296-E174-41BF-9246-30013A8A80A0}.Release|Any CPU.Build.0 = Release|Any CPU
	EndGlobalSection
	GlobalSection(SolutionProperties) = preSolution
		HideSolutionNode = FALSE
	EndGlobalSection
	GlobalSection(ExtensibilityGlobals) = postSolution
		SolutionGuid = {24D9F789-6E21-4B2C-9CAB-DACC3C37C287}
	EndGlobalSection
EndGlobal
